
Microsoft Visual Studio Solution File, Format Version 12.00
# Visual Studio 15
Project("{FAE04EC0-301F-11D3-BF4B-00C04F79EFBC}") = "TestListViewMemoryLeak.Android", "TestListViewMemoryLeak.Android\TestListViewMemoryLeak.Android.csproj", "{BA2EF16C-095D-4AEC-A230-DF0FC88F3B06}"
EndProject
Project("{FAE04EC0-301F-11D3-BF4B-00C04F79EFBC}") = "TestListViewMemoryLeak.iOS", "TestListViewMemoryLeak.iOS\TestListViewMemoryLeak.iOS.csproj", "{C4429125-944B-4985-A2B7-380080361966}"
EndProject
Project("{FAE04EC0-301F-11D3-BF4B-00C04F79EFBC}") = "TestListViewMemoryLeak", "TestListViewMemoryLeak\TestListViewMemoryLeak.csproj", "{5D6E74C4-9A1D-4936-832D-3502C3EA0594}"
EndProject
Global
	GlobalSection(SolutionConfigurationPlatforms) = preSolution
		Debug|Any CPU = Debug|Any CPU
		Release|Any CPU = Release|Any CPU
		Debug|iPhoneSimulator = Debug|iPhoneSimulator
		Release|iPhoneSimulator = Release|iPhoneSimulator
		Debug|iPhone = Debug|iPhone
		Release|iPhone = Release|iPhone
	EndGlobalSection
	GlobalSection(ProjectConfigurationPlatforms) = postSolution
		{BA2EF16C-095D-4AEC-A230-DF0FC88F3B06}.Debug|Any CPU.ActiveCfg = Debug|Any CPU
		{BA2EF16C-095D-4AEC-A230-DF0FC88F3B06}.Debug|Any CPU.Build.0 = Debug|Any CPU
		{BA2EF16C-095D-4AEC-A230-DF0FC88F3B06}.Release|Any CPU.ActiveCfg = Release|Any CPU
		{BA2EF16C-095D-4AEC-A230-DF0FC88F3B06}.Release|Any CPU.Build.0 = Release|Any CPU
		{BA2EF16C-095D-4AEC-A230-DF0FC88F3B06}.Debug|iPhoneSimulator.ActiveCfg = Debug|Any CPU
		{BA2EF16C-095D-4AEC-A230-DF0FC88F3B06}.Debug|iPhoneSimulator.Build.0 = Debug|Any CPU
		{BA2EF16C-095D-4AEC-A230-DF0FC88F3B06}.Release|iPhoneSimulator.ActiveCfg = Release|Any CPU
		{BA2EF16C-095D-4AEC-A230-DF0FC88F3B06}.Release|iPhoneSimulator.Build.0 = Release|Any CPU
		{BA2EF16C-095D-4AEC-A230-DF0FC88F3B06}.Debug|iPhone.ActiveCfg = Debug|Any CPU
		{BA2EF16C-095D-4AEC-A230-DF0FC88F3B06}.Debug|iPhone.Build.0 = Debug|Any CPU
		{BA2EF16C-095D-4AEC-A230-DF0FC88F3B06}.Release|iPhone.ActiveCfg = Release|Any CPU
		{BA2EF16C-095D-4AEC-A230-DF0FC88F3B06}.Release|iPhone.Build.0 = Release|Any CPU
		{C4429125-944B-4985-A2B7-380080361966}.Debug|Any CPU.ActiveCfg = Debug|iPhoneSimulator
		{C4429125-944B-4985-A2B7-380080361966}.Debug|Any CPU.Build.0 = Debug|iPhoneSimulator
		{C4429125-944B-4985-A2B7-380080361966}.Release|Any CPU.ActiveCfg = Release|iPhoneSimulator
		{C4429125-944B-4985-A2B7-380080361966}.Release|Any CPU.Build.0 = Release|iPhoneSimulator
		{C4429125-944B-4985-A2B7-380080361966}.Debug|iPhoneSimulator.ActiveCfg = Debug|iPhoneSimulator
		{C4429125-944B-4985-A2B7-380080361966}.Debug|iPhoneSimulator.Build.0 = Debug|iPhoneSimulator
		{C4429125-944B-4985-A2B7-380080361966}.Release|iPhoneSimulator.ActiveCfg = Release|iPhoneSimulator
		{C4429125-944B-4985-A2B7-380080361966}.Release|iPhoneSimulator.Build.0 = Release|iPhoneSimulator
		{C4429125-944B-4985-A2B7-380080361966}.Debug|iPhone.ActiveCfg = Debug|iPhone
		{C4429125-944B-4985-A2B7-380080361966}.Debug|iPhone.Build.0 = Debug|iPhone
		{C4429125-944B-4985-A2B7-380080361966}.Release|iPhone.ActiveCfg = Release|iPhone
		{C4429125-944B-4985-A2B7-380080361966}.Release|iPhone.Build.0 = Release|iPhone
		{5D6E74C4-9A1D-4936-832D-3502C3EA0594}.Debug|Any CPU.ActiveCfg = Debug|Any CPU
		{5D6E74C4-9A1D-4936-832D-3502C3EA0594}.Debug|Any CPU.Build.0 = Debug|Any CPU
		{5D6E74C4-9A1D-4936-832D-3502C3EA0594}.Release|Any CPU.ActiveCfg = Release|Any CPU
		{5D6E74C4-9A1D-4936-832D-3502C3EA0594}.Release|Any CPU.Build.0 = Release|Any CPU
		{5D6E74C4-9A1D-4936-832D-3502C3EA0594}.Debug|iPhoneSimulator.ActiveCfg = Debug|Any CPU
		{5D6E74C4-9A1D-4936-832D-3502C3EA0594}.Debug|iPhoneSimulator.Build.0 = Debug|Any CPU
		{5D6E74C4-9A1D-4936-832D-3502C3EA0594}.Release|iPhoneSimulator.ActiveCfg = Release|Any CPU
		{5D6E74C4-9A1D-4936-832D-3502C3EA0594}.Release|iPhoneSimulator.Build.0 = Release|Any CPU
		{5D6E74C4-9A1D-4936-832D-3502C3EA0594}.Debug|iPhone.ActiveCfg = Debug|Any CPU
		{5D6E74C4-9A1D-4936-832D-3502C3EA0594}.Debug|iPhone.Build.0 = Debug|Any CPU
		{5D6E74C4-9A1D-4936-832D-3502C3EA0594}.Release|iPhone.ActiveCfg = Release|Any CPU
		{5D6E74C4-9A1D-4936-832D-3502C3EA0594}.Release|iPhone.Build.0 = Release|Any CPU
	EndGlobalSection
EndGlobal
